// !$*UTF8*$!
{
	archiveVersion = 1;
	classes = {
	};
	objectVersion = 55;
	objects = {

/* Begin PBXBuildFile section */
		1C3BA69C288AEA390043FD8E /* GoogleService-Info.plist in Resources */ = {isa = PBXBuildFile; fileRef = 1C3BA69B288AEA390043FD8E /* GoogleService-Info.plist */; };
		1C3BA69F288AEEE30043FD8E /* FirebaseAnalytics in Frameworks */ = {isa = PBXBuildFile; productRef = 1C3BA69E288AEEE30043FD8E /* FirebaseAnalytics */; };
		1C3BA6A1288AEEE30043FD8E /* FirebaseAnalyticsSwift in Frameworks */ = {isa = PBXBuildFile; productRef = 1C3BA6A0288AEEE30043FD8E /* FirebaseAnalyticsSwift */; };
		1C3BA6A3288AEEE30043FD8E /* FirebaseAuth in Frameworks */ = {isa = PBXBuildFile; productRef = 1C3BA6A2288AEEE30043FD8E /* FirebaseAuth */; };
		1C3BA6A5288AEEE30043FD8E /* FirebaseAuthCombine-Community in Frameworks */ = {isa = PBXBuildFile; productRef = 1C3BA6A4288AEEE30043FD8E /* FirebaseAuthCombine-Community */; };
		1C3BA6A7288AEEE30043FD8E /* FirebaseFirestore in Frameworks */ = {isa = PBXBuildFile; productRef = 1C3BA6A6288AEEE30043FD8E /* FirebaseFirestore */; };
		1C3BA6A9288AEEE30043FD8E /* FirebaseFirestoreCombine-Community in Frameworks */ = {isa = PBXBuildFile; productRef = 1C3BA6A8288AEEE30043FD8E /* FirebaseFirestoreCombine-Community */; };
		1C3BA6AB288AEEE30043FD8E /* FirebaseFirestoreSwift in Frameworks */ = {isa = PBXBuildFile; productRef = 1C3BA6AA288AEEE30043FD8E /* FirebaseFirestoreSwift */; };
		1C3BA6AD288AEEE30043FD8E /* FirebaseStorage in Frameworks */ = {isa = PBXBuildFile; productRef = 1C3BA6AC288AEEE30043FD8E /* FirebaseStorage */; };
		1C3BA6AF288AEEE30043FD8E /* FirebaseStorageCombine-Community in Frameworks */ = {isa = PBXBuildFile; productRef = 1C3BA6AE288AEEE30043FD8E /* FirebaseStorageCombine-Community */; };
		1C3BA6B1288AEF870043FD8E /* FirestoreManager.swift in Sources */ = {isa = PBXBuildFile; fileRef = 1C3BA6B0288AEF870043FD8E /* FirestoreManager.swift */; };
		57F2BC1928898849007E0349 /* SANA_WTM_FRONTENDApp.swift in Sources */ = {isa = PBXBuildFile; fileRef = 57F2BC1828898849007E0349 /* SANA_WTM_FRONTENDApp.swift */; };
		57F2BC1B28898849007E0349 /* ContentView.swift in Sources */ = {isa = PBXBuildFile; fileRef = 57F2BC1A28898849007E0349 /* ContentView.swift */; };
		57F2BC1D2889884E007E0349 /* Assets.xcassets in Resources */ = {isa = PBXBuildFile; fileRef = 57F2BC1C2889884E007E0349 /* Assets.xcassets */; };
		57F2BC202889884E007E0349 /* Preview Assets.xcassets in Resources */ = {isa = PBXBuildFile; fileRef = 57F2BC1F2889884E007E0349 /* Preview Assets.xcassets */; };
		57F2BC2728898932007E0349 /* MotherView.swift in Sources */ = {isa = PBXBuildFile; fileRef = 57F2BC2628898932007E0349 /* MotherView.swift */; };
		57F2BC2928898940007E0349 /* ViewRouter.swift in Sources */ = {isa = PBXBuildFile; fileRef = 57F2BC2828898940007E0349 /* ViewRouter.swift */; };
		57F2BC2B2889894E007E0349 /* Helper.swift in Sources */ = {isa = PBXBuildFile; fileRef = 57F2BC2A2889894E007E0349 /* Helper.swift */; };
		57F2BC2E2889896E007E0349 /* profile my events.swift in Sources */ = {isa = PBXBuildFile; fileRef = 57F2BC2D2889896E007E0349 /* profile my events.swift */; };
		57F2BC302889898B007E0349 /* profile invitations.swift in Sources */ = {isa = PBXBuildFile; fileRef = 57F2BC2F2889898B007E0349 /* profile invitations.swift */; };
		57F2BC32288989AA007E0349 /* profile upcoming.swift in Sources */ = {isa = PBXBuildFile; fileRef = 57F2BC31288989AA007E0349 /* profile upcoming.swift */; };
		57F2BC34288989BA007E0349 /* create event.swift in Sources */ = {isa = PBXBuildFile; fileRef = 57F2BC33288989BA007E0349 /* create event.swift */; };
		57F2BC36288989C4007E0349 /* manage event.swift in Sources */ = {isa = PBXBuildFile; fileRef = 57F2BC35288989C4007E0349 /* manage event.swift */; };
/* End PBXBuildFile section */

/* Begin PBXFileReference section */
		1C3BA69B288AEA390043FD8E /* GoogleService-Info.plist */ = {isa = PBXFileReference; fileEncoding = 4; lastKnownFileType = text.plist.xml; path = "GoogleService-Info.plist"; sourceTree = "<group>"; };
		1C3BA6B0288AEF870043FD8E /* FirestoreManager.swift */ = {isa = PBXFileReference; lastKnownFileType = sourcecode.swift; path = FirestoreManager.swift; sourceTree = "<group>"; };
		57F2BC1528898849007E0349 /* SANA WTM FRONTEND.app */ = {isa = PBXFileReference; explicitFileType = wrapper.application; includeInIndex = 0; path = "SANA WTM FRONTEND.app"; sourceTree = BUILT_PRODUCTS_DIR; };
		57F2BC1828898849007E0349 /* SANA_WTM_FRONTENDApp.swift */ = {isa = PBXFileReference; lastKnownFileType = sourcecode.swift; path = SANA_WTM_FRONTENDApp.swift; sourceTree = "<group>"; };
		57F2BC1A28898849007E0349 /* ContentView.swift */ = {isa = PBXFileReference; lastKnownFileType = sourcecode.swift; path = ContentView.swift; sourceTree = "<group>"; };
		57F2BC1C2889884E007E0349 /* Assets.xcassets */ = {isa = PBXFileReference; lastKnownFileType = folder.assetcatalog; path = Assets.xcassets; sourceTree = "<group>"; };
		57F2BC1F2889884E007E0349 /* Preview Assets.xcassets */ = {isa = PBXFileReference; lastKnownFileType = folder.assetcatalog; path = "Preview Assets.xcassets"; sourceTree = "<group>"; };
		57F2BC2628898932007E0349 /* MotherView.swift */ = {isa = PBXFileReference; lastKnownFileType = sourcecode.swift; path = MotherView.swift; sourceTree = "<group>"; };
		57F2BC2828898940007E0349 /* ViewRouter.swift */ = {isa = PBXFileReference; lastKnownFileType = sourcecode.swift; path = ViewRouter.swift; sourceTree = "<group>"; };
		57F2BC2A2889894E007E0349 /* Helper.swift */ = {isa = PBXFileReference; lastKnownFileType = sourcecode.swift; path = Helper.swift; sourceTree = "<group>"; };
		57F2BC2D2889896E007E0349 /* profile my events.swift */ = {isa = PBXFileReference; lastKnownFileType = sourcecode.swift; path = "profile my events.swift"; sourceTree = "<group>"; };
		57F2BC2F2889898B007E0349 /* profile invitations.swift */ = {isa = PBXFileReference; lastKnownFileType = sourcecode.swift; path = "profile invitations.swift"; sourceTree = "<group>"; };
		57F2BC31288989AA007E0349 /* profile upcoming.swift */ = {isa = PBXFileReference; lastKnownFileType = sourcecode.swift; path = "profile upcoming.swift"; sourceTree = "<group>"; };
		57F2BC33288989BA007E0349 /* create event.swift */ = {isa = PBXFileReference; lastKnownFileType = sourcecode.swift; path = "create event.swift"; sourceTree = "<group>"; };
		57F2BC35288989C4007E0349 /* manage event.swift */ = {isa = PBXFileReference; lastKnownFileType = sourcecode.swift; path = "manage event.swift"; sourceTree = "<group>"; };
/* End PBXFileReference section */

/* Begin PBXFrameworksBuildPhase section */
		57F2BC1228898849007E0349 /* Frameworks */ = {
			isa = PBXFrameworksBuildPhase;
			buildActionMask = 2147483647;
			files = (
				1C3BA6A1288AEEE30043FD8E /* FirebaseAnalyticsSwift in Frameworks */,
				1C3BA6A3288AEEE30043FD8E /* FirebaseAuth in Frameworks */,
				1C3BA69F288AEEE30043FD8E /* FirebaseAnalytics in Frameworks */,
				1C3BA6AB288AEEE30043FD8E /* FirebaseFirestoreSwift in Frameworks */,
				1C3BA6A9288AEEE30043FD8E /* FirebaseFirestoreCombine-Community in Frameworks */,
				1C3BA6AD288AEEE30043FD8E /* FirebaseStorage in Frameworks */,
				1C3BA6A7288AEEE30043FD8E /* FirebaseFirestore in Frameworks */,
				1C3BA6AF288AEEE30043FD8E /* FirebaseStorageCombine-Community in Frameworks */,
				1C3BA6A5288AEEE30043FD8E /* FirebaseAuthCombine-Community in Frameworks */,
			);
			runOnlyForDeploymentPostprocessing = 0;
		};
/* End PBXFrameworksBuildPhase section */

/* Begin PBXGroup section */
		57F2BC0C28898849007E0349 = {
			isa = PBXGroup;
			children = (
				57F2BC1728898849007E0349 /* SANA WTM FRONTEND */,
				57F2BC1628898849007E0349 /* Products */,
			);
			sourceTree = "<group>";
		};
		57F2BC1628898849007E0349 /* Products */ = {
			isa = PBXGroup;
			children = (
				57F2BC1528898849007E0349 /* SANA WTM FRONTEND.app */,
			);
			name = Products;
			sourceTree = "<group>";
		};
		57F2BC1728898849007E0349 /* SANA WTM FRONTEND */ = {
			isa = PBXGroup;
			children = (
				57F2BC1828898849007E0349 /* SANA_WTM_FRONTENDApp.swift */,
				57F2BC2628898932007E0349 /* MotherView.swift */,
				57F2BC2828898940007E0349 /* ViewRouter.swift */,
				57F2BC2A2889894E007E0349 /* Helper.swift */,
				57F2BC33288989BA007E0349 /* create event.swift */,
				57F2BC35288989C4007E0349 /* manage event.swift */,
				1C3BA6B0288AEF870043FD8E /* FirestoreManager.swift */,
				1C3BA69B288AEA390043FD8E /* GoogleService-Info.plist */,
				57F2BC2C28898951007E0349 /* PROFILE */,
				57F2BC1C2889884E007E0349 /* Assets.xcassets */,
				57F2BC1E2889884E007E0349 /* Preview Content */,
			);
			path = "SANA WTM FRONTEND";
			sourceTree = "<group>";
		};
		57F2BC1E2889884E007E0349 /* Preview Content */ = {
			isa = PBXGroup;
			children = (
				57F2BC1A28898849007E0349 /* ContentView.swift */,
				57F2BC1F2889884E007E0349 /* Preview Assets.xcassets */,
			);
			path = "Preview Content";
			sourceTree = "<group>";
		};
		57F2BC2C28898951007E0349 /* PROFILE */ = {
			isa = PBXGroup;
			children = (
				57F2BC2D2889896E007E0349 /* profile my events.swift */,
				57F2BC2F2889898B007E0349 /* profile invitations.swift */,
				57F2BC31288989AA007E0349 /* profile upcoming.swift */,
			);
			path = PROFILE;
			sourceTree = "<group>";
		};
/* End PBXGroup section */

/* Begin PBXNativeTarget section */
		57F2BC1428898849007E0349 /* SANA WTM FRONTEND */ = {
			isa = PBXNativeTarget;
			buildConfigurationList = 57F2BC232889884E007E0349 /* Build configuration list for PBXNativeTarget "SANA WTM FRONTEND" */;
			buildPhases = (
				57F2BC1128898849007E0349 /* Sources */,
				57F2BC1228898849007E0349 /* Frameworks */,
				57F2BC1328898849007E0349 /* Resources */,
			);
			buildRules = (
			);
			dependencies = (
			);
			name = "SANA WTM FRONTEND";
			packageProductDependencies = (
				1C3BA69E288AEEE30043FD8E /* FirebaseAnalytics */,
				1C3BA6A0288AEEE30043FD8E /* FirebaseAnalyticsSwift */,
				1C3BA6A2288AEEE30043FD8E /* FirebaseAuth */,
				1C3BA6A4288AEEE30043FD8E /* FirebaseAuthCombine-Community */,
				1C3BA6A6288AEEE30043FD8E /* FirebaseFirestore */,
				1C3BA6A8288AEEE30043FD8E /* FirebaseFirestoreCombine-Community */,
				1C3BA6AA288AEEE30043FD8E /* FirebaseFirestoreSwift */,
				1C3BA6AC288AEEE30043FD8E /* FirebaseStorage */,
				1C3BA6AE288AEEE30043FD8E /* FirebaseStorageCombine-Community */,
			);
			productName = "SANA WTM FRONTEND";
			productReference = 57F2BC1528898849007E0349 /* SANA WTM FRONTEND.app */;
			productType = "com.apple.product-type.application";
		};
/* End PBXNativeTarget section */

/* Begin PBXProject section */
		57F2BC0D28898849007E0349 /* Project object */ = {
			isa = PBXProject;
			attributes = {
				BuildIndependentTargetsInParallel = 1;
				LastSwiftUpdateCheck = 1320;
				LastUpgradeCheck = 1320;
				TargetAttributes = {
					57F2BC1428898849007E0349 = {
						CreatedOnToolsVersion = 13.2.1;
					};
				};
			};
			buildConfigurationList = 57F2BC1028898849007E0349 /* Build configuration list for PBXProject "SANA WTM FRONTEND" */;
			compatibilityVersion = "Xcode 13.0";
			developmentRegion = en;
			hasScannedForEncodings = 0;
			knownRegions = (
				en,
				Base,
			);
			mainGroup = 57F2BC0C28898849007E0349;
			packageReferences = (
				1C3BA69D288AEEE30043FD8E /* XCRemoteSwiftPackageReference "firebase-ios-sdk" */,
			);
			productRefGroup = 57F2BC1628898849007E0349 /* Products */;
			projectDirPath = "";
			projectRoot = "";
			targets = (
				57F2BC1428898849007E0349 /* SANA WTM FRONTEND */,
			);
		};
/* End PBXProject section */

/* Begin PBXResourcesBuildPhase section */
		57F2BC1328898849007E0349 /* Resources */ = {
			isa = PBXResourcesBuildPhase;
			buildActionMask = 2147483647;
			files = (
				57F2BC202889884E007E0349 /* Preview Assets.xcassets in Resources */,
				57F2BC1D2889884E007E0349 /* Assets.xcassets in Resources */,
				1C3BA69C288AEA390043FD8E /* GoogleService-Info.plist in Resources */,
			);
			runOnlyForDeploymentPostprocessing = 0;
		};
/* End PBXResourcesBuildPhase section */

/* Begin PBXSourcesBuildPhase section */
		57F2BC1128898849007E0349 /* Sources */ = {
			isa = PBXSourcesBuildPhase;
			buildActionMask = 2147483647;
			files = (
				57F2BC1B28898849007E0349 /* ContentView.swift in Sources */,
				57F2BC2728898932007E0349 /* MotherView.swift in Sources */,
				57F2BC2B2889894E007E0349 /* Helper.swift in Sources */,
				57F2BC1928898849007E0349 /* SANA_WTM_FRONTENDApp.swift in Sources */,
				57F2BC32288989AA007E0349 /* profile upcoming.swift in Sources */,
				57F2BC2E2889896E007E0349 /* profile my events.swift in Sources */,
				57F2BC34288989BA007E0349 /* create event.swift in Sources */,
				57F2BC302889898B007E0349 /* profile invitations.swift in Sources */,
				57F2BC36288989C4007E0349 /* manage event.swift in Sources */,
				57F2BC2928898940007E0349 /* ViewRouter.swift in Sources */,
				1C3BA6B1288AEF870043FD8E /* FirestoreManager.swift in Sources */,
			);
			runOnlyForDeploymentPostprocessing = 0;
		};
/* End PBXSourcesBuildPhase section */

/* Begin XCBuildConfiguration section */
		57F2BC212889884E007E0349 /* Debug */ = {
			isa = XCBuildConfiguration;
			buildSettings = {
				ALWAYS_SEARCH_USER_PATHS = NO;
				CLANG_ANALYZER_NONNULL = YES;
				CLANG_ANALYZER_NUMBER_OBJECT_CONVERSION = YES_AGGRESSIVE;
				CLANG_CXX_LANGUAGE_STANDARD = "gnu++17";
				CLANG_CXX_LIBRARY = "libc++";
				CLANG_ENABLE_MODULES = YES;
				CLANG_ENABLE_OBJC_ARC = YES;
				CLANG_ENABLE_OBJC_WEAK = YES;
				CLANG_WARN_BLOCK_CAPTURE_AUTORELEASING = YES;
				CLANG_WARN_BOOL_CONVERSION = YES;
				CLANG_WARN_COMMA = YES;
				CLANG_WARN_CONSTANT_CONVERSION = YES;
				CLANG_WARN_DEPRECATED_OBJC_IMPLEMENTATIONS = YES;
				CLANG_WARN_DIRECT_OBJC_ISA_USAGE = YES_ERROR;
				CLANG_WARN_DOCUMENTATION_COMMENTS = YES;
				CLANG_WARN_EMPTY_BODY = YES;
				CLANG_WARN_ENUM_CONVERSION = YES;
				CLANG_WARN_INFINITE_RECURSION = YES;
				CLANG_WARN_INT_CONVERSION = YES;
				CLANG_WARN_NON_LITERAL_NULL_CONVERSION = YES;
				CLANG_WARN_OBJC_IMPLICIT_RETAIN_SELF = YES;
				CLANG_WARN_OBJC_LITERAL_CONVERSION = YES;
				CLANG_WARN_OBJC_ROOT_CLASS = YES_ERROR;
				CLANG_WARN_QUOTED_INCLUDE_IN_FRAMEWORK_HEADER = YES;
				CLANG_WARN_RANGE_LOOP_ANALYSIS = YES;
				CLANG_WARN_STRICT_PROTOTYPES = YES;
				CLANG_WARN_SUSPICIOUS_MOVE = YES;
				CLANG_WARN_UNGUARDED_AVAILABILITY = YES_AGGRESSIVE;
				CLANG_WARN_UNREACHABLE_CODE = YES;
				CLANG_WARN__DUPLICATE_METHOD_MATCH = YES;
				COPY_PHASE_STRIP = NO;
				DEBUG_INFORMATION_FORMAT = dwarf;
				ENABLE_STRICT_OBJC_MSGSEND = YES;
				ENABLE_TESTABILITY = YES;
				GCC_C_LANGUAGE_STANDARD = gnu11;
				GCC_DYNAMIC_NO_PIC = NO;
				GCC_NO_COMMON_BLOCKS = YES;
				GCC_OPTIMIZATION_LEVEL = 0;
				GCC_PREPROCESSOR_DEFINITIONS = (
					"DEBUG=1",
					"$(inherited)",
				);
				GCC_WARN_64_TO_32_BIT_CONVERSION = YES;
				GCC_WARN_ABOUT_RETURN_TYPE = YES_ERROR;
				GCC_WARN_UNDECLARED_SELECTOR = YES;
				GCC_WARN_UNINITIALIZED_AUTOS = YES_AGGRESSIVE;
				GCC_WARN_UNUSED_FUNCTION = YES;
				GCC_WARN_UNUSED_VARIABLE = YES;
				IPHONEOS_DEPLOYMENT_TARGET = 15.2;
				MTL_ENABLE_DEBUG_INFO = INCLUDE_SOURCE;
				MTL_FAST_MATH = YES;
				ONLY_ACTIVE_ARCH = YES;
				SDKROOT = iphoneos;
				SWIFT_ACTIVE_COMPILATION_CONDITIONS = DEBUG;
				SWIFT_OPTIMIZATION_LEVEL = "-Onone";
			};
			name = Debug;
		};
		57F2BC222889884E007E0349 /* Release */ = {
			isa = XCBuildConfiguration;
			buildSettings = {
				ALWAYS_SEARCH_USER_PATHS = NO;
				CLANG_ANALYZER_NONNULL = YES;
				CLANG_ANALYZER_NUMBER_OBJECT_CONVERSION = YES_AGGRESSIVE;
				CLANG_CXX_LANGUAGE_STANDARD = "gnu++17";
				CLANG_CXX_LIBRARY = "libc++";
				CLANG_ENABLE_MODULES = YES;
				CLANG_ENABLE_OBJC_ARC = YES;
				CLANG_ENABLE_OBJC_WEAK = YES;
				CLANG_WARN_BLOCK_CAPTURE_AUTORELEASING = YES;
				CLANG_WARN_BOOL_CONVERSION = YES;
				CLANG_WARN_COMMA = YES;
				CLANG_WARN_CONSTANT_CONVERSION = YES;
				CLANG_WARN_DEPRECATED_OBJC_IMPLEMENTATIONS = YES;
				CLANG_WARN_DIRECT_OBJC_ISA_USAGE = YES_ERROR;
				CLANG_WARN_DOCUMENTATION_COMMENTS = YES;
				CLANG_WARN_EMPTY_BODY = YES;
				CLANG_WARN_ENUM_CONVERSION = YES;
				CLANG_WARN_INFINITE_RECURSION = YES;
				CLANG_WARN_INT_CONVERSION = YES;
				CLANG_WARN_NON_LITERAL_NULL_CONVERSION = YES;
				CLANG_WARN_OBJC_IMPLICIT_RETAIN_SELF = YES;
				CLANG_WARN_OBJC_LITERAL_CONVERSION = YES;
				CLANG_WARN_OBJC_ROOT_CLASS = YES_ERROR;
				CLANG_WARN_QUOTED_INCLUDE_IN_FRAMEWORK_HEADER = YES;
				CLANG_WARN_RANGE_LOOP_ANALYSIS = YES;
				CLANG_WARN_STRICT_PROTOTYPES = YES;
				CLANG_WARN_SUSPICIOUS_MOVE = YES;
				CLANG_WARN_UNGUARDED_AVAILABILITY = YES_AGGRESSIVE;
				CLANG_WARN_UNREACHABLE_CODE = YES;
				CLANG_WARN__DUPLICATE_METHOD_MATCH = YES;
				COPY_PHASE_STRIP = NO;
				DEBUG_INFORMATION_FORMAT = "dwarf-with-dsym";
				ENABLE_NS_ASSERTIONS = NO;
				ENABLE_STRICT_OBJC_MSGSEND = YES;
				GCC_C_LANGUAGE_STANDARD = gnu11;
				GCC_NO_COMMON_BLOCKS = YES;
				GCC_WARN_64_TO_32_BIT_CONVERSION = YES;
				GCC_WARN_ABOUT_RETURN_TYPE = YES_ERROR;
				GCC_WARN_UNDECLARED_SELECTOR = YES;
				GCC_WARN_UNINITIALIZED_AUTOS = YES_AGGRESSIVE;
				GCC_WARN_UNUSED_FUNCTION = YES;
				GCC_WARN_UNUSED_VARIABLE = YES;
				IPHONEOS_DEPLOYMENT_TARGET = 15.2;
				MTL_ENABLE_DEBUG_INFO = NO;
				MTL_FAST_MATH = YES;
				SDKROOT = iphoneos;
				SWIFT_COMPILATION_MODE = wholemodule;
				SWIFT_OPTIMIZATION_LEVEL = "-O";
				VALIDATE_PRODUCT = YES;
			};
			name = Release;
		};
		57F2BC242889884E007E0349 /* Debug */ = {
			isa = XCBuildConfiguration;
			buildSettings = {
				ASSETCATALOG_COMPILER_APPICON_NAME = AppIcon;
				ASSETCATALOG_COMPILER_GLOBAL_ACCENT_COLOR_NAME = AccentColor;
				CODE_SIGN_STYLE = Automatic;
				CURRENT_PROJECT_VERSION = 1;
				DEVELOPMENT_ASSET_PATHS = "\"SANA WTM FRONTEND/Preview Content\"";
				DEVELOPMENT_TEAM = 5KSQK8YS4F;
				ENABLE_PREVIEWS = YES;
				GENERATE_INFOPLIST_FILE = YES;
				INFOPLIST_KEY_UIApplicationSceneManifest_Generation = YES;
				INFOPLIST_KEY_UIApplicationSupportsIndirectInputEvents = YES;
				INFOPLIST_KEY_UILaunchScreen_Generation = YES;
				INFOPLIST_KEY_UISupportedInterfaceOrientations_iPad = "UIInterfaceOrientationPortrait UIInterfaceOrientationPortraitUpsideDown UIInterfaceOrientationLandscapeLeft UIInterfaceOrientationLandscapeRight";
				INFOPLIST_KEY_UISupportedInterfaceOrientations_iPhone = "UIInterfaceOrientationPortrait UIInterfaceOrientationLandscapeLeft UIInterfaceOrientationLandscapeRight";
				LD_RUNPATH_SEARCH_PATHS = (
					"$(inherited)",
					"@executable_path/Frameworks",
				);
				MARKETING_VERSION = 1.0;
				PRODUCT_BUNDLE_IDENTIFIER = "co-sanagoyal.SANA-WTM-FRONTEND";
				PRODUCT_NAME = "$(TARGET_NAME)";
				SWIFT_EMIT_LOC_STRINGS = YES;
				SWIFT_VERSION = 5.0;
				TARGETED_DEVICE_FAMILY = "1,2";
			};
			name = Debug;
		};
		57F2BC252889884E007E0349 /* Release */ = {
			isa = XCBuildConfiguration;
			buildSettings = {
				ASSETCATALOG_COMPILER_APPICON_NAME = AppIcon;
				ASSETCATALOG_COMPILER_GLOBAL_ACCENT_COLOR_NAME = AccentColor;
				CODE_SIGN_STYLE = Automatic;
				CURRENT_PROJECT_VERSION = 1;
				DEVELOPMENT_ASSET_PATHS = "\"SANA WTM FRONTEND/Preview Content\"";
				DEVELOPMENT_TEAM = 5KSQK8YS4F;
				ENABLE_PREVIEWS = YES;
				GENERATE_INFOPLIST_FILE = YES;
				INFOPLIST_KEY_UIApplicationSceneManifest_Generation = YES;
				INFOPLIST_KEY_UIApplicationSupportsIndirectInputEvents = YES;
				INFOPLIST_KEY_UILaunchScreen_Generation = YES;
				INFOPLIST_KEY_UISupportedInterfaceOrientations_iPad = "UIInterfaceOrientationPortrait UIInterfaceOrientationPortraitUpsideDown UIInterfaceOrientationLandscapeLeft UIInterfaceOrientationLandscapeRight";
				INFOPLIST_KEY_UISupportedInterfaceOrientations_iPhone = "UIInterfaceOrientationPortrait UIInterfaceOrientationLandscapeLeft UIInterfaceOrientationLandscapeRight";
				LD_RUNPATH_SEARCH_PATHS = (
					"$(inherited)",
					"@executable_path/Frameworks",
				);
				MARKETING_VERSION = 1.0;
				PRODUCT_BUNDLE_IDENTIFIER = "co-sanagoyal.SANA-WTM-FRONTEND";
				PRODUCT_NAME = "$(TARGET_NAME)";
				SWIFT_EMIT_LOC_STRINGS = YES;
				SWIFT_VERSION = 5.0;
				TARGETED_DEVICE_FAMILY = "1,2";
			};
			name = Release;
		};
/* End XCBuildConfiguration section */

/* Begin XCConfigurationList section */
		57F2BC1028898849007E0349 /* Build configuration list for PBXProject "SANA WTM FRONTEND" */ = {
			isa = XCConfigurationList;
			buildConfigurations = (
				57F2BC212889884E007E0349 /* Debug */,
				57F2BC222889884E007E0349 /* Release */,
			);
			defaultConfigurationIsVisible = 0;
			defaultConfigurationName = Release;
		};
		57F2BC232889884E007E0349 /* Build configuration list for PBXNativeTarget "SANA WTM FRONTEND" */ = {
			isa = XCConfigurationList;
			buildConfigurations = (
				57F2BC242889884E007E0349 /* Debug */,
				57F2BC252889884E007E0349 /* Release */,
			);
			defaultConfigurationIsVisible = 0;
			defaultConfigurationName = Release;
		};
/* End XCConfigurationList section */

/* Begin XCRemoteSwiftPackageReference section */
		1C3BA69D288AEEE30043FD8E /* XCRemoteSwiftPackageReference "firebase-ios-sdk" */ = {
			isa = XCRemoteSwiftPackageReference;
			repositoryURL = "https://github.com/firebase/firebase-ios-sdk";
			requirement = {
				branch = master;
				kind = branch;
			};
		};
/* End XCRemoteSwiftPackageReference section */

/* Begin XCSwiftPackageProductDependency section */
		1C3BA69E288AEEE30043FD8E /* FirebaseAnalytics */ = {
			isa = XCSwiftPackageProductDependency;
			package = 1C3BA69D288AEEE30043FD8E /* XCRemoteSwiftPackageReference "firebase-ios-sdk" */;
			productName = FirebaseAnalytics;
		};
		1C3BA6A0288AEEE30043FD8E /* FirebaseAnalyticsSwift */ = {
			isa = XCSwiftPackageProductDependency;
			package = 1C3BA69D288AEEE30043FD8E /* XCRemoteSwiftPackageReference "firebase-ios-sdk" */;
			productName = FirebaseAnalyticsSwift;
		};
		1C3BA6A2288AEEE30043FD8E /* FirebaseAuth */ = {
			isa = XCSwiftPackageProductDependency;
			package = 1C3BA69D288AEEE30043FD8E /* XCRemoteSwiftPackageReference "firebase-ios-sdk" */;
			productName = FirebaseAuth;
		};
		1C3BA6A4288AEEE30043FD8E /* FirebaseAuthCombine-Community */ = {
			isa = XCSwiftPackageProductDependency;
			package = 1C3BA69D288AEEE30043FD8E /* XCRemoteSwiftPackageReference "firebase-ios-sdk" */;
			productName = "FirebaseAuthCombine-Community";
		};
		1C3BA6A6288AEEE30043FD8E /* FirebaseFirestore */ = {
			isa = XCSwiftPackageProductDependency;
			package = 1C3BA69D288AEEE30043FD8E /* XCRemoteSwiftPackageReference "firebase-ios-sdk" */;
			productName = FirebaseFirestore;
		};
		1C3BA6A8288AEEE30043FD8E /* FirebaseFirestoreCombine-Community */ = {
			isa = XCSwiftPackageProductDependency;
			package = 1C3BA69D288AEEE30043FD8E /* XCRemoteSwiftPackageReference "firebase-ios-sdk" */;
			productName = "FirebaseFirestoreCombine-Community";
		};
		1C3BA6AA288AEEE30043FD8E /* FirebaseFirestoreSwift */ = {
			isa = XCSwiftPackageProductDependency;
			package = 1C3BA69D288AEEE30043FD8E /* XCRemoteSwiftPackageReference "firebase-ios-sdk" */;
			productName = FirebaseFirestoreSwift;
		};
		1C3BA6AC288AEEE30043FD8E /* FirebaseStorage */ = {
			isa = XCSwiftPackageProductDependency;
			package = 1C3BA69D288AEEE30043FD8E /* XCRemoteSwiftPackageReference "firebase-ios-sdk" */;
			productName = FirebaseStorage;
		};
		1C3BA6AE288AEEE30043FD8E /* FirebaseStorageCombine-Community */ = {
			isa = XCSwiftPackageProductDependency;
			package = 1C3BA69D288AEEE30043FD8E /* XCRemoteSwiftPackageReference "firebase-ios-sdk" */;
			productName = "FirebaseStorageCombine-Community";
		};
/* End XCSwiftPackageProductDependency section */
	};
	rootObject = 57F2BC0D28898849007E0349 /* Project object */;
}
